
Microsoft Visual Studio Solution File, Format Version 12.00
# Visual Studio Version 17
VisualStudioVersion = 17.12.35707.178 d17.12
MinimumVisualStudioVersion = 10.0.40219.1
Project("{2150E333-8FDC-42A3-9474-1A3956D46DE8}") = "Src", "Src", "{F4CA235C-6DBF-4CA6-AB7E-2217BCDF0936}"
EndProject
Project("{FAE04EC0-301F-11D3-BF4B-00C04F79EFBC}") = "Ecom.Core", "Ecom.Core\Ecom.Core.csproj", "{61FBE2B3-A98A-4E3B-A5A7-427E0666366C}"
EndProject
Project("{FAE04EC0-301F-11D3-BF4B-00C04F79EFBC}") = "Ecom.Infrstrucure", "Ecom.Infrstrucure\Ecom.Infrstrucure.csproj", "{C4523F24-839A-4461-8ADC-2CBAE80F5201}"
EndProject
Project("{FAE04EC0-301F-11D3-BF4B-00C04F79EFBC}") = "Ecom.Api", "Ecom.Api\Ecom.Api.csproj", "{BF51DEAD-AD1D-4BB2-8F6A-01E8F3A93DB4}"
EndProject
Global
	GlobalSection(SolutionConfigurationPlatforms) = preSolution
		Debug|Any CPU = Debug|Any CPU
		Release|Any CPU = Release|Any CPU
	EndGlobalSection
	GlobalSection(ProjectConfigurationPlatforms) = postSolution
		{61FBE2B3-A98A-4E3B-A5A7-427E0666366C}.Debug|Any CPU.ActiveCfg = Debug|Any CPU
		{61FBE2B3-A98A-4E3B-A5A7-427E0666366C}.Debug|Any CPU.Build.0 = Debug|Any CPU
		{61FBE2B3-A98A-4E3B-A5A7-427E0666366C}.Release|Any CPU.ActiveCfg = Release|Any CPU
		{61FBE2B3-A98A-4E3B-A5A7-427E0666366C}.Release|Any CPU.Build.0 = Release|Any CPU
		{C4523F24-839A-4461-8ADC-2CBAE80F5201}.Debug|Any CPU.ActiveCfg = Debug|Any CPU
		{C4523F24-839A-4461-8ADC-2CBAE80F5201}.Debug|Any CPU.Build.0 = Debug|Any CPU
		{C4523F24-839A-4461-8ADC-2CBAE80F5201}.Release|Any CPU.ActiveCfg = Release|Any CPU
		{C4523F24-839A-4461-8ADC-2CBAE80F5201}.Release|Any CPU.Build.0 = Release|Any CPU
		{BF51DEAD-AD1D-4BB2-8F6A-01E8F3A93DB4}.Debug|Any CPU.ActiveCfg = Debug|Any CPU
		{BF51DEAD-AD1D-4BB2-8F6A-01E8F3A93DB4}.Debug|Any CPU.Build.0 = Debug|Any CPU
		{BF51DEAD-AD1D-4BB2-8F6A-01E8F3A93DB4}.Release|Any CPU.ActiveCfg = Release|Any CPU
		{BF51DEAD-AD1D-4BB2-8F6A-01E8F3A93DB4}.Release|Any CPU.Build.0 = Release|Any CPU
	EndGlobalSection
	GlobalSection(SolutionProperties) = preSolution
		HideSolutionNode = FALSE
	EndGlobalSection
	GlobalSection(NestedProjects) = preSolution
		{61FBE2B3-A98A-4E3B-A5A7-427E0666366C} = {F4CA235C-6DBF-4CA6-AB7E-2217BCDF0936}
		{C4523F24-839A-4461-8ADC-2CBAE80F5201} = {F4CA235C-6DBF-4CA6-AB7E-2217BCDF0936}
		{BF51DEAD-AD1D-4BB2-8F6A-01E8F3A93DB4} = {F4CA235C-6DBF-4CA6-AB7E-2217BCDF0936}
	EndGlobalSection
EndGlobal
